
Microsoft Visual Studio Solution File, Format Version 12.00
# Visual Studio Version 16
VisualStudioVersion = 16.0.30709.132
MinimumVisualStudioVersion = 10.0.40219.1
Project("{FAE04EC0-301F-11D3-BF4B-00C04F79EFBC}") = "CloudCinemaFinal", "CloudCinemaFinal\CloudCinemaFinal.csproj", "{1FD45A6F-BEF4-464B-96AA-EC3B61AA8B68}"
EndProject
Project("{FAE04EC0-301F-11D3-BF4B-00C04F79EFBC}") = "CloudCinemaFinalTests", "CloudCinemaFinalTests\CloudCinemaFinalTests.csproj", "{1C30E1FB-FDF4-4937-8534-C0949A03E3FE}"
EndProject
Global
	GlobalSection(SolutionConfigurationPlatforms) = preSolution
		Debug|Any CPU = Debug|Any CPU
		Release|Any CPU = Release|Any CPU
	EndGlobalSection
	GlobalSection(ProjectConfigurationPlatforms) = postSolution
		{1FD45A6F-BEF4-464B-96AA-EC3B61AA8B68}.Debug|Any CPU.ActiveCfg = Debug|Any CPU
		{1FD45A6F-BEF4-464B-96AA-EC3B61AA8B68}.Debug|Any CPU.Build.0 = Debug|Any CPU
		{1FD45A6F-BEF4-464B-96AA-EC3B61AA8B68}.Release|Any CPU.ActiveCfg = Release|Any CPU
		{1FD45A6F-BEF4-464B-96AA-EC3B61AA8B68}.Release|Any CPU.Build.0 = Release|Any CPU
		{1C30E1FB-FDF4-4937-8534-C0949A03E3FE}.Debug|Any CPU.ActiveCfg = Debug|Any CPU
		{1C30E1FB-FDF4-4937-8534-C0949A03E3FE}.Debug|Any CPU.Build.0 = Debug|Any CPU
		{1C30E1FB-FDF4-4937-8534-C0949A03E3FE}.Release|Any CPU.ActiveCfg = Release|Any CPU
		{1C30E1FB-FDF4-4937-8534-C0949A03E3FE}.Release|Any CPU.Build.0 = Release|Any CPU
	EndGlobalSection
	GlobalSection(SolutionProperties) = preSolution
		HideSolutionNode = FALSE
	EndGlobalSection
	GlobalSection(ExtensibilityGlobals) = postSolution
		SolutionGuid = {CDF6E506-CE66-407F-AB42-8133FF2B0D38}
	EndGlobalSection
EndGlobal
